// !$*UTF8*$!
{
	archiveVersion = 1;
	classes = {
	};
	objectVersion = 77;
	objects = {

/* Begin PBXBuildFile section */
		369807A12F3DE73D00EF04D0 /* Kingfisher in Frameworks */ = {isa = PBXBuildFile; productRef = 369807A02F3DE73D00EF04D0 /* Kingfisher */; };
		369807A42F3DE78500EF04D0 /* FirebaseAuth in Frameworks */ = {isa = PBXBuildFile; productRef = 369807A32F3DE78500EF04D0 /* FirebaseAuth */; };
		369807A62F3DE78500EF04D0 /* FirebaseDatabase in Frameworks */ = {isa = PBXBuildFile; productRef = 369807A52F3DE78500EF04D0 /* FirebaseDatabase */; };
		369807AE2F3DE93000EF04D0 /* GoogleService-Info.plist in Resources */ = {isa = PBXBuildFile; fileRef = 369807AD2F3DE93000EF04D0 /* GoogleService-Info.plist */; };
		36EBA4E92F3F2A4C00906AE8 /* .gitignore  in Resources */ = {isa = PBXBuildFile; fileRef = 36EBA4E82F3F2A4900906AE8 /* .gitignore  */; };
/* End PBXBuildFile section */

/* Begin PBXContainerItemProxy section */
		369807832F3DE6D200EF04D0 /* PBXContainerItemProxy */ = {
			isa = PBXContainerItemProxy;
			containerPortal = 3698076B2F3DE6D000EF04D0 /* Project object */;
			proxyType = 1;
			remoteGlobalIDString = 369807722F3DE6D000EF04D0;
			remoteInfo = BookExplorer;
		};
		3698078D2F3DE6D200EF04D0 /* PBXContainerItemProxy */ = {
			isa = PBXContainerItemProxy;
			containerPortal = 3698076B2F3DE6D000EF04D0 /* Project object */;
			proxyType = 1;
			remoteGlobalIDString = 369807722F3DE6D000EF04D0;
			remoteInfo = BookExplorer;
		};
/* End PBXContainerItemProxy section */

/* Begin PBXFileReference section */
		369807732F3DE6D000EF04D0 /* BookExplorer.app */ = {isa = PBXFileReference; explicitFileType = wrapper.application; includeInIndex = 0; path = BookExplorer.app; sourceTree = BUILT_PRODUCTS_DIR; };
		369807822F3DE6D200EF04D0 /* BookExplorerTests.xctest */ = {isa = PBXFileReference; explicitFileType = wrapper.cfbundle; includeInIndex = 0; path = BookExplorerTests.xctest; sourceTree = BUILT_PRODUCTS_DIR; };
		3698078C2F3DE6D200EF04D0 /* BookExplorerUITests.xctest */ = {isa = PBXFileReference; explicitFileType = wrapper.cfbundle; includeInIndex = 0; path = BookExplorerUITests.xctest; sourceTree = BUILT_PRODUCTS_DIR; };
		369807AD2F3DE93000EF04D0 /* GoogleService-Info.plist */ = {isa = PBXFileReference; lastKnownFileType = text.plist.xml; path = "GoogleService-Info.plist"; sourceTree = "<group>"; };
		36EBA4E82F3F2A4900906AE8 /* .gitignore  */ = {isa = PBXFileReference; lastKnownFileType = text; path = ".gitignore "; sourceTree = "<group>"; };
/* End PBXFileReference section */

/* Begin PBXFileSystemSynchronizedBuildFileExceptionSet section */
		3698090B2F3E558600EF04D0 /* Exceptions for "BookExplorer" folder in "BookExplorer" target */ = {
			isa = PBXFileSystemSynchronizedBuildFileExceptionSet;
			membershipExceptions = (
				tests/BookExplorerTests.swift,
				tests/DebounceTests.swift,
				tests/InputValidationTests.swift,
				tests/MergePolicyTests.swift,
				tests/ScoreBookUseCaseTests.swift,
			);
			target = 369807722F3DE6D000EF04D0 /* BookExplorer */;
		};
		3698090D2F3E558A00EF04D0 /* Exceptions for "BookExplorer" folder in "BookExplorerTests" target */ = {
			isa = PBXFileSystemSynchronizedBuildFileExceptionSet;
			membershipExceptions = (
				tests/BookExplorerTests.swift,
				tests/DebounceTests.swift,
				tests/InputValidationTests.swift,
				tests/MergePolicyTests.swift,
				tests/ScoreBookUseCaseTests.swift,
			);
			target = 369807812F3DE6D200EF04D0 /* BookExplorerTests */;
		};
/* End PBXFileSystemSynchronizedBuildFileExceptionSet section */

/* Begin PBXFileSystemSynchronizedRootGroup section */
		369807752F3DE6D000EF04D0 /* BookExplorer */ = {
			isa = PBXFileSystemSynchronizedRootGroup;
			exceptions = (
				3698090B2F3E558600EF04D0 /* Exceptions for "BookExplorer" folder in "BookExplorer" target */,
				3698090D2F3E558A00EF04D0 /* Exceptions for "BookExplorer" folder in "BookExplorerTests" target */,
			);
			path = BookExplorer;
			sourceTree = "<group>";
		};
/* End PBXFileSystemSynchronizedRootGroup section */

/* Begin PBXFrameworksBuildPhase section */
		369807702F3DE6D000EF04D0 /* Frameworks */ = {
			isa = PBXFrameworksBuildPhase;
			buildActionMask = 2147483647;
			files = (
				369807A62F3DE78500EF04D0 /* FirebaseDatabase in Frameworks */,
				369807A12F3DE73D00EF04D0 /* Kingfisher in Frameworks */,
				369807A42F3DE78500EF04D0 /* FirebaseAuth in Frameworks */,
			);
			runOnlyForDeploymentPostprocessing = 0;
		};
		3698077F2F3DE6D200EF04D0 /* Frameworks */ = {
			isa = PBXFrameworksBuildPhase;
			buildActionMask = 2147483647;
			files = (
			);
			runOnlyForDeploymentPostprocessing = 0;
		};
		369807892F3DE6D200EF04D0 /* Frameworks */ = {
			isa = PBXFrameworksBuildPhase;
			buildActionMask = 2147483647;
			files = (
			);
			runOnlyForDeploymentPostprocessing = 0;
		};
/* End PBXFrameworksBuildPhase section */

/* Begin PBXGroup section */
		3698076A2F3DE6D000EF04D0 = {
			isa = PBXGroup;
			children = (
				36EBA4E82F3F2A4900906AE8 /* .gitignore  */,
				369807AD2F3DE93000EF04D0 /* GoogleService-Info.plist */,
				369807752F3DE6D000EF04D0 /* BookExplorer */,
				369807742F3DE6D000EF04D0 /* Products */,
			);
			sourceTree = "<group>";
		};
		369807742F3DE6D000EF04D0 /* Products */ = {
			isa = PBXGroup;
			children = (
				369807732F3DE6D000EF04D0 /* BookExplorer.app */,
				369807822F3DE6D200EF04D0 /* BookExplorerTests.xctest */,
				3698078C2F3DE6D200EF04D0 /* BookExplorerUITests.xctest */,
			);
			name = Products;
			sourceTree = "<group>";
		};
/* End PBXGroup section */

/* Begin PBXNativeTarget section */
		369807722F3DE6D000EF04D0 /* BookExplorer */ = {
			isa = PBXNativeTarget;
			buildConfigurationList = 369807962F3DE6D200EF04D0 /* Build configuration list for PBXNativeTarget "BookExplorer" */;
			buildPhases = (
				3698076F2F3DE6D000EF04D0 /* Sources */,
				369807702F3DE6D000EF04D0 /* Frameworks */,
				369807712F3DE6D000EF04D0 /* Resources */,
			);
			buildRules = (
			);
			dependencies = (
			);
			fileSystemSynchronizedGroups = (
				369807752F3DE6D000EF04D0 /* BookExplorer */,
			);
			name = BookExplorer;
			packageProductDependencies = (
				369807A02F3DE73D00EF04D0 /* Kingfisher */,
				369807A32F3DE78500EF04D0 /* FirebaseAuth */,
				369807A52F3DE78500EF04D0 /* FirebaseDatabase */,
			);
			productName = BookExplorer;
			productReference = 369807732F3DE6D000EF04D0 /* BookExplorer.app */;
			productType = "com.apple.product-type.application";
		};
		369807812F3DE6D200EF04D0 /* BookExplorerTests */ = {
			isa = PBXNativeTarget;
			buildConfigurationList = 369807992F3DE6D200EF04D0 /* Build configuration list for PBXNativeTarget "BookExplorerTests" */;
			buildPhases = (
				3698077E2F3DE6D200EF04D0 /* Sources */,
				3698077F2F3DE6D200EF04D0 /* Frameworks */,
				369807802F3DE6D200EF04D0 /* Resources */,
			);
			buildRules = (
			);
			dependencies = (
				369807842F3DE6D200EF04D0 /* PBXTargetDependency */,
			);
			name = BookExplorerTests;
			packageProductDependencies = (
			);
			productName = BookExplorerTests;
			productReference = 369807822F3DE6D200EF04D0 /* BookExplorerTests.xctest */;
			productType = "com.apple.product-type.bundle.unit-test";
		};
		3698078B2F3DE6D200EF04D0 /* BookExplorerUITests */ = {
			isa = PBXNativeTarget;
			buildConfigurationList = 3698079C2F3DE6D200EF04D0 /* Build configuration list for PBXNativeTarget "BookExplorerUITests" */;
			buildPhases = (
				369807882F3DE6D200EF04D0 /* Sources */,
				369807892F3DE6D200EF04D0 /* Frameworks */,
				3698078A2F3DE6D200EF04D0 /* Resources */,
			);
			buildRules = (
			);
			dependencies = (
				3698078E2F3DE6D200EF04D0 /* PBXTargetDependency */,
			);
			name = BookExplorerUITests;
			packageProductDependencies = (
			);
			productName = BookExplorerUITests;
			productReference = 3698078C2F3DE6D200EF04D0 /* BookExplorerUITests.xctest */;
			productType = "com.apple.product-type.bundle.ui-testing";
		};
/* End PBXNativeTarget section */

/* Begin PBXProject section */
		3698076B2F3DE6D000EF04D0 /* Project object */ = {
			isa = PBXProject;
			attributes = {
				BuildIndependentTargetsInParallel = 1;
				LastSwiftUpdateCheck = 2620;
				LastUpgradeCheck = 2620;
				TargetAttributes = {
					369807722F3DE6D000EF04D0 = {
						CreatedOnToolsVersion = 26.2;
						LastSwiftMigration = 2620;
					};
					369807812F3DE6D200EF04D0 = {
						CreatedOnToolsVersion = 26.2;
						TestTargetID = 369807722F3DE6D000EF04D0;
					};
					3698078B2F3DE6D200EF04D0 = {
						CreatedOnToolsVersion = 26.2;
						TestTargetID = 369807722F3DE6D000EF04D0;
					};
				};
			};
			buildConfigurationList = 3698076E2F3DE6D000EF04D0 /* Build configuration list for PBXProject "BookExplorer" */;
			developmentRegion = en;
			hasScannedForEncodings = 0;
			knownRegions = (
				en,
				Base,
			);
			mainGroup = 3698076A2F3DE6D000EF04D0;
			minimizedProjectReferenceProxies = 1;
			packageReferences = (
				3698079F2F3DE73D00EF04D0 /* XCRemoteSwiftPackageReference "Kingfisher" */,
				369807A22F3DE78500EF04D0 /* XCRemoteSwiftPackageReference "firebase-ios-sdk" */,
			);
			preferredProjectObjectVersion = 77;
			productRefGroup = 369807742F3DE6D000EF04D0 /* Products */;
			projectDirPath = "";
			projectRoot = "";
			targets = (
				369807722F3DE6D000EF04D0 /* BookExplorer */,
				369807812F3DE6D200EF04D0 /* BookExplorerTests */,
				3698078B2F3DE6D200EF04D0 /* BookExplorerUITests */,
			);
		};
/* End PBXProject section */

/* Begin PBXResourcesBuildPhase section */
		369807712F3DE6D000EF04D0 /* Resources */ = {
			isa = PBXResourcesBuildPhase;
			buildActionMask = 2147483647;
			files = (
				36EBA4E92F3F2A4C00906AE8 /* .gitignore  in Resources */,
				369807AE2F3DE93000EF04D0 /* GoogleService-Info.plist in Resources */,
			);
			runOnlyForDeploymentPostprocessing = 0;
		};
		369807802F3DE6D200EF04D0 /* Resources */ = {
			isa = PBXResourcesBuildPhase;
			buildActionMask = 2147483647;
			files = (
			);
			runOnlyForDeploymentPostprocessing = 0;
		};
		3698078A2F3DE6D200EF04D0 /* Resources */ = {
			isa = PBXResourcesBuildPhase;
			buildActionMask = 2147483647;
			files = (
			);
			runOnlyForDeploymentPostprocessing = 0;
		};
/* End PBXResourcesBuildPhase section */

/* Begin PBXSourcesBuildPhase section */
		3698076F2F3DE6D000EF04D0 /* Sources */ = {
			isa = PBXSourcesBuildPhase;
			buildActionMask = 2147483647;
			files = (
			);
			runOnlyForDeploymentPostprocessing = 0;
		};
		3698077E2F3DE6D200EF04D0 /* Sources */ = {
			isa = PBXSourcesBuildPhase;
			buildActionMask = 2147483647;
			files = (
			);
			runOnlyForDeploymentPostprocessing = 0;
		};
		369807882F3DE6D200EF04D0 /* Sources */ = {
			isa = PBXSourcesBuildPhase;
			buildActionMask = 2147483647;
			files = (
			);
			runOnlyForDeploymentPostprocessing = 0;
		};
/* End PBXSourcesBuildPhase section */

/* Begin PBXTargetDependency section */
		369807842F3DE6D200EF04D0 /* PBXTargetDependency */ = {
			isa = PBXTargetDependency;
			target = 369807722F3DE6D000EF04D0 /* BookExplorer */;
			targetProxy = 369807832F3DE6D200EF04D0 /* PBXContainerItemProxy */;
		};
		3698078E2F3DE6D200EF04D0 /* PBXTargetDependency */ = {
			isa = PBXTargetDependency;
			target = 369807722F3DE6D000EF04D0 /* BookExplorer */;
			targetProxy = 3698078D2F3DE6D200EF04D0 /* PBXContainerItemProxy */;
		};
/* End PBXTargetDependency section */

/* Begin XCBuildConfiguration section */
		369807942F3DE6D200EF04D0 /* Debug */ = {
			isa = XCBuildConfiguration;
			buildSettings = {
				ALWAYS_SEARCH_USER_PATHS = NO;
				ASSETCATALOG_COMPILER_GENERATE_SWIFT_ASSET_SYMBOL_EXTENSIONS = YES;
				CLANG_ANALYZER_NONNULL = YES;
				CLANG_ANALYZER_NUMBER_OBJECT_CONVERSION = YES_AGGRESSIVE;
				CLANG_CXX_LANGUAGE_STANDARD = "gnu++20";
				CLANG_ENABLE_MODULES = YES;
				CLANG_ENABLE_OBJC_ARC = YES;
				CLANG_ENABLE_OBJC_WEAK = YES;
				CLANG_WARN_BLOCK_CAPTURE_AUTORELEASING = YES;
				CLANG_WARN_BOOL_CONVERSION = YES;
				CLANG_WARN_COMMA = YES;
				CLANG_WARN_CONSTANT_CONVERSION = YES;
				CLANG_WARN_DEPRECATED_OBJC_IMPLEMENTATIONS = YES;
				CLANG_WARN_DIRECT_OBJC_ISA_USAGE = YES_ERROR;
				CLANG_WARN_DOCUMENTATION_COMMENTS = YES;
				CLANG_WARN_EMPTY_BODY = YES;
				CLANG_WARN_ENUM_CONVERSION = YES;
				CLANG_WARN_INFINITE_RECURSION = YES;
				CLANG_WARN_INT_CONVERSION = YES;
				CLANG_WARN_NON_LITERAL_NULL_CONVERSION = YES;
				CLANG_WARN_OBJC_IMPLICIT_RETAIN_SELF = YES;
				CLANG_WARN_OBJC_LITERAL_CONVERSION = YES;
				CLANG_WARN_OBJC_ROOT_CLASS = YES_ERROR;
				CLANG_WARN_QUOTED_INCLUDE_IN_FRAMEWORK_HEADER = YES;
				CLANG_WARN_RANGE_LOOP_ANALYSIS = YES;
				CLANG_WARN_STRICT_PROTOTYPES = YES;
				CLANG_WARN_SUSPICIOUS_MOVE = YES;
				CLANG_WARN_UNGUARDED_AVAILABILITY = YES_AGGRESSIVE;
				CLANG_WARN_UNREACHABLE_CODE = YES;
				CLANG_WARN__DUPLICATE_METHOD_MATCH = YES;
				COPY_PHASE_STRIP = NO;
				DEBUG_INFORMATION_FORMAT = dwarf;
				ENABLE_STRICT_OBJC_MSGSEND = YES;
				ENABLE_TESTABILITY = YES;
				ENABLE_USER_SCRIPT_SANDBOXING = YES;
				GCC_C_LANGUAGE_STANDARD = gnu17;
				GCC_DYNAMIC_NO_PIC = NO;
				GCC_NO_COMMON_BLOCKS = YES;
				GCC_OPTIMIZATION_LEVEL = 0;
				GCC_PREPROCESSOR_DEFINITIONS = (
					"DEBUG=1",
					"$(inherited)",
				);
				GCC_WARN_64_TO_32_BIT_CONVERSION = YES;
				GCC_WARN_ABOUT_RETURN_TYPE = YES_ERROR;
				GCC_WARN_UNDECLARED_SELECTOR = YES;
				GCC_WARN_UNINITIALIZED_AUTOS = YES_AGGRESSIVE;
				GCC_WARN_UNUSED_FUNCTION = YES;
				GCC_WARN_UNUSED_VARIABLE = YES;
				IPHONEOS_DEPLOYMENT_TARGET = 26.2;
				LOCALIZATION_PREFERS_STRING_CATALOGS = YES;
				MTL_ENABLE_DEBUG_INFO = INCLUDE_SOURCE;
				MTL_FAST_MATH = YES;
				ONLY_ACTIVE_ARCH = YES;
				SDKROOT = iphoneos;
				SWIFT_ACTIVE_COMPILATION_CONDITIONS = "DEBUG $(inherited)";
				SWIFT_OPTIMIZATION_LEVEL = "-Onone";
			};
			name = Debug;
		};
		369807952F3DE6D200EF04D0 /* Release */ = {
			isa = XCBuildConfiguration;
			buildSettings = {
				ALWAYS_SEARCH_USER_PATHS = NO;
				ASSETCATALOG_COMPILER_GENERATE_SWIFT_ASSET_SYMBOL_EXTENSIONS = YES;
				CLANG_ANALYZER_NONNULL = YES;
				CLANG_ANALYZER_NUMBER_OBJECT_CONVERSION = YES_AGGRESSIVE;
				CLANG_CXX_LANGUAGE_STANDARD = "gnu++20";
				CLANG_ENABLE_MODULES = YES;
				CLANG_ENABLE_OBJC_ARC = YES;
				CLANG_ENABLE_OBJC_WEAK = YES;
				CLANG_WARN_BLOCK_CAPTURE_AUTORELEASING = YES;
				CLANG_WARN_BOOL_CONVERSION = YES;
				CLANG_WARN_COMMA = YES;
				CLANG_WARN_CONSTANT_CONVERSION = YES;
				CLANG_WARN_DEPRECATED_OBJC_IMPLEMENTATIONS = YES;
				CLANG_WARN_DIRECT_OBJC_ISA_USAGE = YES_ERROR;
				CLANG_WARN_DOCUMENTATION_COMMENTS = YES;
				CLANG_WARN_EMPTY_BODY = YES;
				CLANG_WARN_ENUM_CONVERSION = YES;
				CLANG_WARN_INFINITE_RECURSION = YES;
				CLANG_WARN_INT_CONVERSION = YES;
				CLANG_WARN_NON_LITERAL_NULL_CONVERSION = YES;
				CLANG_WARN_OBJC_IMPLICIT_RETAIN_SELF = YES;
				CLANG_WARN_OBJC_LITERAL_CONVERSION = YES;
				CLANG_WARN_OBJC_ROOT_CLASS = YES_ERROR;
				CLANG_WARN_QUOTED_INCLUDE_IN_FRAMEWORK_HEADER = YES;
				CLANG_WARN_RANGE_LOOP_ANALYSIS = YES;
				CLANG_WARN_STRICT_PROTOTYPES = YES;
				CLANG_WARN_SUSPICIOUS_MOVE = YES;
				CLANG_WARN_UNGUARDED_AVAILABILITY = YES_AGGRESSIVE;
				CLANG_WARN_UNREACHABLE_CODE = YES;
				CLANG_WARN__DUPLICATE_METHOD_MATCH = YES;
				COPY_PHASE_STRIP = NO;
				DEBUG_INFORMATION_FORMAT = "dwarf-with-dsym";
				ENABLE_NS_ASSERTIONS = NO;
				ENABLE_STRICT_OBJC_MSGSEND = YES;
				ENABLE_USER_SCRIPT_SANDBOXING = YES;
				GCC_C_LANGUAGE_STANDARD = gnu17;
				GCC_NO_COMMON_BLOCKS = YES;
				GCC_WARN_64_TO_32_BIT_CONVERSION = YES;
				GCC_WARN_ABOUT_RETURN_TYPE = YES_ERROR;
				GCC_WARN_UNDECLARED_SELECTOR = YES;
				GCC_WARN_UNINITIALIZED_AUTOS = YES_AGGRESSIVE;
				GCC_WARN_UNUSED_FUNCTION = YES;
				GCC_WARN_UNUSED_VARIABLE = YES;
				IPHONEOS_DEPLOYMENT_TARGET = 26.2;
				LOCALIZATION_PREFERS_STRING_CATALOGS = YES;
				MTL_ENABLE_DEBUG_INFO = NO;
				MTL_FAST_MATH = YES;
				SDKROOT = iphoneos;
				SWIFT_COMPILATION_MODE = wholemodule;
				VALIDATE_PRODUCT = YES;
			};
			name = Release;
		};
		369807972F3DE6D200EF04D0 /* Debug */ = {
			isa = XCBuildConfiguration;
			buildSettings = {
				ASSETCATALOG_COMPILER_APPICON_NAME = AppIcon;
				ASSETCATALOG_COMPILER_GLOBAL_ACCENT_COLOR_NAME = AccentColor;
				CLANG_ENABLE_MODULES = YES;
				CODE_SIGN_STYLE = Automatic;
				CURRENT_PROJECT_VERSION = 1;
				ENABLE_PREVIEWS = YES;
				GENERATE_INFOPLIST_FILE = YES;
				INFOPLIST_KEY_UIApplicationSceneManifest_Generation = YES;
				INFOPLIST_KEY_UIApplicationSupportsIndirectInputEvents = YES;
				INFOPLIST_KEY_UILaunchScreen_Generation = YES;
				INFOPLIST_KEY_UISupportedInterfaceOrientations_iPad = "UIInterfaceOrientationPortrait UIInterfaceOrientationPortraitUpsideDown UIInterfaceOrientationLandscapeLeft UIInterfaceOrientationLandscapeRight";
				INFOPLIST_KEY_UISupportedInterfaceOrientations_iPhone = "UIInterfaceOrientationPortrait UIInterfaceOrientationLandscapeLeft UIInterfaceOrientationLandscapeRight";
				LD_RUNPATH_SEARCH_PATHS = (
					"$(inherited)",
					"@executable_path/Frameworks",
				);
				MARKETING_VERSION = 1.0;
				PRODUCT_BUNDLE_IDENTIFIER = com.aitu.BookExplorer;
				PRODUCT_NAME = "$(TARGET_NAME)";
				STRING_CATALOG_GENERATE_SYMBOLS = YES;
				SWIFT_APPROACHABLE_CONCURRENCY = YES;
				SWIFT_DEFAULT_ACTOR_ISOLATION = MainActor;
				SWIFT_EMIT_LOC_STRINGS = YES;
				SWIFT_OPTIMIZATION_LEVEL = "-Onone";
				SWIFT_UPCOMING_FEATURE_MEMBER_IMPORT_VISIBILITY = YES;
				SWIFT_VERSION = 5.0;
				TARGETED_DEVICE_FAMILY = "1,2";
			};
			name = Debug;
		};
		369807982F3DE6D200EF04D0 /* Release */ = {
			isa = XCBuildConfiguration;
			buildSettings = {
				ASSETCATALOG_COMPILER_APPICON_NAME = AppIcon;
				ASSETCATALOG_COMPILER_GLOBAL_ACCENT_COLOR_NAME = AccentColor;
				CLANG_ENABLE_MODULES = YES;
				CODE_SIGN_STYLE = Automatic;
				CURRENT_PROJECT_VERSION = 1;
				ENABLE_PREVIEWS = YES;
				GENERATE_INFOPLIST_FILE = YES;
				INFOPLIST_KEY_UIApplicationSceneManifest_Generation = YES;
				INFOPLIST_KEY_UIApplicationSupportsIndirectInputEvents = YES;
				INFOPLIST_KEY_UILaunchScreen_Generation = YES;
				INFOPLIST_KEY_UISupportedInterfaceOrientations_iPad = "UIInterfaceOrientationPortrait UIInterfaceOrientationPortraitUpsideDown UIInterfaceOrientationLandscapeLeft UIInterfaceOrientationLandscapeRight";
				INFOPLIST_KEY_UISupportedInterfaceOrientations_iPhone = "UIInterfaceOrientationPortrait UIInterfaceOrientationLandscapeLeft UIInterfaceOrientationLandscapeRight";
				LD_RUNPATH_SEARCH_PATHS = (
					"$(inherited)",
					"@executable_path/Frameworks",
				);
				MARKETING_VERSION = 1.0;
				PRODUCT_BUNDLE_IDENTIFIER = com.aitu.BookExplorer;
				PRODUCT_NAME = "$(TARGET_NAME)";
				STRING_CATALOG_GENERATE_SYMBOLS = YES;
				SWIFT_APPROACHABLE_CONCURRENCY = YES;
				SWIFT_DEFAULT_ACTOR_ISOLATION = MainActor;
				SWIFT_EMIT_LOC_STRINGS = YES;
				SWIFT_UPCOMING_FEATURE_MEMBER_IMPORT_VISIBILITY = YES;
				SWIFT_VERSION = 5.0;
				TARGETED_DEVICE_FAMILY = "1,2";
			};
			name = Release;
		};
		3698079A2F3DE6D200EF04D0 /* Debug */ = {
			isa = XCBuildConfiguration;
			buildSettings = {
				BUNDLE_LOADER = "$(TEST_HOST)";
				CODE_SIGN_STYLE = Automatic;
				CURRENT_PROJECT_VERSION = 1;
				GENERATE_INFOPLIST_FILE = YES;
				IPHONEOS_DEPLOYMENT_TARGET = 26.2;
				MARKETING_VERSION = 1.0;
				PRODUCT_BUNDLE_IDENTIFIER = com.aitu.BookExplorerTests;
				PRODUCT_NAME = "$(TARGET_NAME)";
				STRING_CATALOG_GENERATE_SYMBOLS = NO;
				SWIFT_APPROACHABLE_CONCURRENCY = YES;
				SWIFT_EMIT_LOC_STRINGS = NO;
				SWIFT_UPCOMING_FEATURE_MEMBER_IMPORT_VISIBILITY = YES;
				SWIFT_VERSION = 5.0;
				TARGETED_DEVICE_FAMILY = "1,2";
				TEST_HOST = "$(BUILT_PRODUCTS_DIR)/BookExplorer.app/$(BUNDLE_EXECUTABLE_FOLDER_PATH)/BookExplorer";
			};
			name = Debug;
		};
		3698079B2F3DE6D200EF04D0 /* Release */ = {
			isa = XCBuildConfiguration;
			buildSettings = {
				BUNDLE_LOADER = "$(TEST_HOST)";
				CODE_SIGN_STYLE = Automatic;
				CURRENT_PROJECT_VERSION = 1;
				GENERATE_INFOPLIST_FILE = YES;
				IPHONEOS_DEPLOYMENT_TARGET = 26.2;
				MARKETING_VERSION = 1.0;
				PRODUCT_BUNDLE_IDENTIFIER = com.aitu.BookExplorerTests;
				PRODUCT_NAME = "$(TARGET_NAME)";
				STRING_CATALOG_GENERATE_SYMBOLS = NO;
				SWIFT_APPROACHABLE_CONCURRENCY = YES;
				SWIFT_EMIT_LOC_STRINGS = NO;
				SWIFT_UPCOMING_FEATURE_MEMBER_IMPORT_VISIBILITY = YES;
				SWIFT_VERSION = 5.0;
				TARGETED_DEVICE_FAMILY = "1,2";
				TEST_HOST = "$(BUILT_PRODUCTS_DIR)/BookExplorer.app/$(BUNDLE_EXECUTABLE_FOLDER_PATH)/BookExplorer";
			};
			name = Release;
		};
		3698079D2F3DE6D200EF04D0 /* Debug */ = {
			isa = XCBuildConfiguration;
			buildSettings = {
				CODE_SIGN_STYLE = Automatic;
				CURRENT_PROJECT_VERSION = 1;
				GENERATE_INFOPLIST_FILE = YES;
				MARKETING_VERSION = 1.0;
				PRODUCT_BUNDLE_IDENTIFIER = com.aitu.BookExplorerUITests;
				PRODUCT_NAME = "$(TARGET_NAME)";
				STRING_CATALOG_GENERATE_SYMBOLS = NO;
				SWIFT_APPROACHABLE_CONCURRENCY = YES;
				SWIFT_EMIT_LOC_STRINGS = NO;
				SWIFT_UPCOMING_FEATURE_MEMBER_IMPORT_VISIBILITY = YES;
				SWIFT_VERSION = 5.0;
				TARGETED_DEVICE_FAMILY = "1,2";
				TEST_TARGET_NAME = BookExplorer;
			};
			name = Debug;
		};
		3698079E2F3DE6D200EF04D0 /* Release */ = {
			isa = XCBuildConfiguration;
			buildSettings = {
				CODE_SIGN_STYLE = Automatic;
				CURRENT_PROJECT_VERSION = 1;
				GENERATE_INFOPLIST_FILE = YES;
				MARKETING_VERSION = 1.0;
				PRODUCT_BUNDLE_IDENTIFIER = com.aitu.BookExplorerUITests;
				PRODUCT_NAME = "$(TARGET_NAME)";
				STRING_CATALOG_GENERATE_SYMBOLS = NO;
				SWIFT_APPROACHABLE_CONCURRENCY = YES;
				SWIFT_EMIT_LOC_STRINGS = NO;
				SWIFT_UPCOMING_FEATURE_MEMBER_IMPORT_VISIBILITY = YES;
				SWIFT_VERSION = 5.0;
				TARGETED_DEVICE_FAMILY = "1,2";
				TEST_TARGET_NAME = BookExplorer;
			};
			name = Release;
		};
/* End XCBuildConfiguration section */

/* Begin XCConfigurationList section */
		3698076E2F3DE6D000EF04D0 /* Build configuration list for PBXProject "BookExplorer" */ = {
			isa = XCConfigurationList;
			buildConfigurations = (
				369807942F3DE6D200EF04D0 /* Debug */,
				369807952F3DE6D200EF04D0 /* Release */,
			);
			defaultConfigurationIsVisible = 0;
			defaultConfigurationName = Release;
		};
		369807962F3DE6D200EF04D0 /* Build configuration list for PBXNativeTarget "BookExplorer" */ = {
			isa = XCConfigurationList;
			buildConfigurations = (
				369807972F3DE6D200EF04D0 /* Debug */,
				369807982F3DE6D200EF04D0 /* Release */,
			);
			defaultConfigurationIsVisible = 0;
			defaultConfigurationName = Release;
		};
		369807992F3DE6D200EF04D0 /* Build configuration list for PBXNativeTarget "BookExplorerTests" */ = {
			isa = XCConfigurationList;
			buildConfigurations = (
				3698079A2F3DE6D200EF04D0 /* Debug */,
				3698079B2F3DE6D200EF04D0 /* Release */,
			);
			defaultConfigurationIsVisible = 0;
			defaultConfigurationName = Release;
		};
		3698079C2F3DE6D200EF04D0 /* Build configuration list for PBXNativeTarget "BookExplorerUITests" */ = {
			isa = XCConfigurationList;
			buildConfigurations = (
				3698079D2F3DE6D200EF04D0 /* Debug */,
				3698079E2F3DE6D200EF04D0 /* Release */,
			);
			defaultConfigurationIsVisible = 0;
			defaultConfigurationName = Release;
		};
/* End XCConfigurationList section */

/* Begin XCRemoteSwiftPackageReference section */
		3698079F2F3DE73D00EF04D0 /* XCRemoteSwiftPackageReference "Kingfisher" */ = {
			isa = XCRemoteSwiftPackageReference;
			repositoryURL = "https://github.com/onevcat/Kingfisher.git";
			requirement = {
				kind = upToNextMajorVersion;
				minimumVersion = 8.6.2;
			};
		};
		369807A22F3DE78500EF04D0 /* XCRemoteSwiftPackageReference "firebase-ios-sdk" */ = {
			isa = XCRemoteSwiftPackageReference;
			repositoryURL = "https://github.com/firebase/firebase-ios-sdk";
			requirement = {
				kind = upToNextMajorVersion;
				minimumVersion = 12.9.0;
			};
		};
/* End XCRemoteSwiftPackageReference section */

/* Begin XCSwiftPackageProductDependency section */
		369807A02F3DE73D00EF04D0 /* Kingfisher */ = {
			isa = XCSwiftPackageProductDependency;
			package = 3698079F2F3DE73D00EF04D0 /* XCRemoteSwiftPackageReference "Kingfisher" */;
			productName = Kingfisher;
		};
		369807A32F3DE78500EF04D0 /* FirebaseAuth */ = {
			isa = XCSwiftPackageProductDependency;
			package = 369807A22F3DE78500EF04D0 /* XCRemoteSwiftPackageReference "firebase-ios-sdk" */;
			productName = FirebaseAuth;
		};
		369807A52F3DE78500EF04D0 /* FirebaseDatabase */ = {
			isa = XCSwiftPackageProductDependency;
			package = 369807A22F3DE78500EF04D0 /* XCRemoteSwiftPackageReference "firebase-ios-sdk" */;
			productName = FirebaseDatabase;
		};
/* End XCSwiftPackageProductDependency section */
	};
	rootObject = 3698076B2F3DE6D000EF04D0 /* Project object */;
}
